
Microsoft Visual Studio Solution File, Format Version 12.00
# Visual Studio Version 17
VisualStudioVersion = 17.0.31903.59
MinimumVisualStudioVersion = 10.0.40219.1
Project("{2150E333-8FDC-42A3-9474-1A3956D46DE8}") = "src", "src", "{02EA681E-C7D8-13C7-8484-4AC65E1B71E8}"
EndProject
Project("{FAE04EC0-301F-11D3-BF4B-00C04F79EFBC}") = "Whiteboard", "src\Whiteboard\Whiteboard.csproj", "{E4AAD36D-3117-4159-AE9D-1FEF2F748F21}"
EndProject
Global
	GlobalSection(SolutionConfigurationPlatforms) = preSolution
		Debug|Any CPU = Debug|Any CPU
		Release|Any CPU = Release|Any CPU
	EndGlobalSection
	GlobalSection(ProjectConfigurationPlatforms) = postSolution
		{E4AAD36D-3117-4159-AE9D-1FEF2F748F21}.Debug|Any CPU.ActiveCfg = Debug|Any CPU
		{E4AAD36D-3117-4159-AE9D-1FEF2F748F21}.Debug|Any CPU.Build.0 = Debug|Any CPU
		{E4AAD36D-3117-4159-AE9D-1FEF2F748F21}.Release|Any CPU.ActiveCfg = Release|Any CPU
		{E4AAD36D-3117-4159-AE9D-1FEF2F748F21}.Release|Any CPU.Build.0 = Release|Any CPU
	EndGlobalSection
	GlobalSection(SolutionProperties) = preSolution
		HideSolutionNode = FALSE
	EndGlobalSection
	GlobalSection(NestedProjects) = preSolution
		{E4AAD36D-3117-4159-AE9D-1FEF2F748F21} = {02EA681E-C7D8-13C7-8484-4AC65E1B71E8}
	EndGlobalSection
	GlobalSection(ExtensibilityGlobals) = postSolution
		SolutionGuid = {AF4309CC-91C2-4F52-908B-C34B01F3EFB7}
	EndGlobalSection
EndGlobal
